{
  "name": "@openfeature/launchdarkly-client-provider",
  "version": "0.3.3",
  "lockfileVersion": 3,
  "requires": true,
  "packages": {
    "": {
      "name": "@openfeature/launchdarkly-client-provider",
      "version": "0.3.3",
      "license": "Apache-2.0",
      "dependencies": {
        "lodash.isempty": "^4.4.0"
      },
      "peerDependencies": {
        "@launchdarkly/js-client-sdk": "^4.7.0",
        "@openfeature/web-sdk": "^1.0.0"
      }
    },
    "node_modules/@launchdarkly/js-client-sdk": {
      "version": "4.7.0",
      "resolved": "https://registry.npmjs.org/@launchdarkly/js-client-sdk/-/js-client-sdk-4.7.0.tgz",
      "integrity": "sha512-zhKOfWRaqvGvq6IAve2ndHDh+sThIrIIKHIyzSCzBk6rQv+2lwEkxBFtAa6ODO1GGJjakaffTJgem4/B5fVTiw==",
      "license": "Apache-2.0",
      "peer": true,
      "dependencies": {
        "@launchdarkly/js-client-sdk-common": "1.27.0"
      }
    },
    "node_modules/@launchdarkly/js-client-sdk-common": {
      "version": "1.27.0",
      "resolved": "https://registry.npmjs.org/@launchdarkly/js-client-sdk-common/-/js-client-sdk-common-1.27.0.tgz",
      "integrity": "sha512-TRJIf5W1nkSJdCWJBtJxI9IrBY5NiG2tHpA0nnI5MA6juJY5q1dPaxgSRFo+wANCKoPFE1YJljOIATKFx2/I9Q==",
      "license": "Apache-2.0",
      "peer": true,
      "dependencies": {
        "@launchdarkly/js-sdk-common": "2.24.4"
      }
    },
    "node_modules/@launchdarkly/js-sdk-common": {
      "version": "2.24.4",
      "resolved": "https://registry.npmjs.org/@launchdarkly/js-sdk-common/-/js-sdk-common-2.24.4.tgz",
      "integrity": "sha512-ikD6MElNa3WPUxXdUIDSBvbig21gfjemEus1Vh0HGcgLThxGglq+EGb0coyc8199+3aqu8c9kpuXEdMBZhOowA==",
      "license": "Apache-2.0",
      "peer": true
    },
    "node_modules/@openfeature/core": {
      "version": "1.10.0",
      "resolved": "https://registry.npmjs.org/@openfeature/core/-/core-1.10.0.tgz",
      "integrity": "sha512-C3ynxtPYhe5qVJgQIqCNxZXeRXo4t1Eo86uiROr8+sD6F2OjEJGIp6VOGxz+r6jkad2s8Br9BnUJOvskhai/3A==",
      "license": "Apache-2.0",
      "peer": true
    },
    "node_modules/@openfeature/web-sdk": {
      "version": "1.8.0",
      "resolved": "https://registry.npmjs.org/@openfeature/web-sdk/-/web-sdk-1.8.0.tgz",
      "integrity": "sha512-B7NTG/mm9blV1Z7YjjcWhuoOHcDzyrHKwMRMcku9i9vvQGAE6ilVJPS3C/SsdvnOn2tDqm2lAg9SxvaJTRgp+Q==",
      "license": "Apache-2.0",
      "peer": true,
      "peerDependencies": {
        "@openfeature/core": "^1.10.0"
      }
    },
    "node_modules/lodash.isempty": {
      "version": "4.4.0",
      "resolved": "https://registry.npmjs.org/lodash.isempty/-/lodash.isempty-4.4.0.tgz",
      "integrity": "sha512-oKMuF3xEeqDltrGMfDxAPGIVMSSRv8tbRSODbrs4KGsRRLEhrW8N8Rd4DRgB2+621hY8A8XwwrTVhXWpxFvMzg==",
      "license": "MIT"
    }
  }
}
