{
  "name": "@openfeature/growthbook-client-provider",
  "version": "0.1.2",
  "lockfileVersion": 3,
  "requires": true,
  "packages": {
    "": {
      "name": "@openfeature/growthbook-client-provider",
      "version": "0.1.2",
      "dependencies": {
        "tslib": "^2.3.0"
      },
      "peerDependencies": {
        "@growthbook/growthbook": "^1.0.0",
        "@openfeature/web-sdk": "^1.0.0"
      }
    },
    "node_modules/@growthbook/growthbook": {
      "version": "1.0.0",
      "resolved": "https://registry.npmjs.org/@growthbook/growthbook/-/growthbook-1.0.0.tgz",
      "integrity": "sha512-qfVhZcubsGjJI8oNjZp5g69N7c+NMxWl3WS05Sa93V6qNjE9Uz2PZqj7Qj+6iTEOZ1ignmEsIBJEKfdlpa9INg==",
      "peer": true,
      "dependencies": {
        "dom-mutator": "^0.6.0"
      },
      "engines": {
        "node": ">=10"
      }
    },
    "node_modules/@openfeature/core": {
      "version": "1.1.0",
      "resolved": "https://registry.npmjs.org/@openfeature/core/-/core-1.1.0.tgz",
      "integrity": "sha512-aNuvOmqrFxAyzLnEa3YINsUu1pskXyEeMu4O9Kyde0+cS7q+Tgh4KKePwAROXkhhU1RQckW931P41xK5osXAWA==",
      "peer": true
    },
    "node_modules/@openfeature/web-sdk": {
      "version": "1.0.3",
      "resolved": "https://registry.npmjs.org/@openfeature/web-sdk/-/web-sdk-1.0.3.tgz",
      "integrity": "sha512-WIB2hIUbpIxK2nEdchWCKZyLhwFQzr+DUh+NnN+v13VoLHq1CE96zhLHC7IQpgyQ6+L7//tPqgeb112Kmb8MNA==",
      "peer": true,
      "peerDependencies": {
        "@openfeature/core": "1.1.0"
      }
    },
    "node_modules/dom-mutator": {
      "version": "0.6.0",
      "resolved": "https://registry.npmjs.org/dom-mutator/-/dom-mutator-0.6.0.tgz",
      "integrity": "sha512-iCt9o0aYfXMUkz/43ZOAUFQYotjGB+GNbYJiJdz4TgXkyToXbbRy5S6FbTp72lRBtfpUMwEc1KmpFEU4CZeoNg==",
      "peer": true,
      "engines": {
        "node": ">=10"
      }
    },
    "node_modules/tslib": {
      "version": "2.6.2",
      "resolved": "https://registry.npmjs.org/tslib/-/tslib-2.6.2.tgz",
      "integrity": "sha512-AEYxH93jGFPn/a2iVAwW87VuUIkR1FVUKB77NwMF7nBTDkDrrT/Hpt/IrCJ0QXhW27jTBDcf5ZY7w6RiqTMw2Q=="
    }
  }
}
