{
  "name": "@openfeature/flagd-web-provider",
  "version": "0.7.1",
  "lockfileVersion": 2,
  "requires": true,
  "packages": {
    "": {
      "name": "@openfeature/flagd-web-provider",
      "version": "0.7.1",
      "peerDependencies": {
        "@openfeature/web-sdk": "^1.0.0"
      }
    },
    "node_modules/@openfeature/core": {
      "version": "1.3.0",
      "resolved": "https://registry.npmjs.org/@openfeature/core/-/core-1.3.0.tgz",
      "integrity": "sha512-Z2TiqfC4zoiCB/JMzIrzRrdDYdfOCGjI2MDgNHDEwA/k3y5IZANFkNAc/nhfof/QrmOy0HjQtvjRLnEW8urqJQ==",
      "peer": true
    },
    "node_modules/@openfeature/web-sdk": {
      "version": "1.2.1",
      "resolved": "https://registry.npmjs.org/@openfeature/web-sdk/-/web-sdk-1.2.1.tgz",
      "integrity": "sha512-4Yz6zQA8/zwFUjKhvgyhIscywkLuDLOpzy//+GdMpSgvC1VsyifFf0p0ISMMLXlQmYZxVLamhL6jAnVge8VyEw==",
      "peer": true,
      "peerDependencies": {
        "@openfeature/core": "1.3.0"
      }
    }
  },
  "dependencies": {
    "@openfeature/core": {
      "version": "1.3.0",
      "resolved": "https://registry.npmjs.org/@openfeature/core/-/core-1.3.0.tgz",
      "integrity": "sha512-Z2TiqfC4zoiCB/JMzIrzRrdDYdfOCGjI2MDgNHDEwA/k3y5IZANFkNAc/nhfof/QrmOy0HjQtvjRLnEW8urqJQ==",
      "peer": true
    },
    "@openfeature/web-sdk": {
      "version": "1.2.1",
      "resolved": "https://registry.npmjs.org/@openfeature/web-sdk/-/web-sdk-1.2.1.tgz",
      "integrity": "sha512-4Yz6zQA8/zwFUjKhvgyhIscywkLuDLOpzy//+GdMpSgvC1VsyifFf0p0ISMMLXlQmYZxVLamhL6jAnVge8VyEw==",
      "peer": true,
      "requires": {}
    }
  }
}
