{
  "name": "@openfeature/flagsmith-client-provider",
  "version": "0.1.3",
  "lockfileVersion": 3,
  "requires": true,
  "packages": {
    "": {
      "name": "@openfeature/flagsmith-client-provider",
      "version": "0.1.3",
      "dependencies": {
        "tslib": "^2.3.0"
      },
      "peerDependencies": {
        "@openfeature/web-sdk": "^1.0.0",
        "flagsmith": "4.0.0"
      }
    },
    "node_modules/@openfeature/core": {
      "version": "1.0.0",
      "resolved": "https://registry.npmjs.org/@openfeature/core/-/core-1.0.0.tgz",
      "integrity": "sha512-xbtVVfZZQu0CZKql9KY8RWfM6Pm1dcoev0z15UL+MUxRnzNuAIM1gGX6FXztRousUvzq8D/y77Qs2hUppDAdcg==",
      "peer": true
    },
    "node_modules/@openfeature/web-sdk": {
      "version": "1.0.1",
      "resolved": "https://registry.npmjs.org/@openfeature/web-sdk/-/web-sdk-1.0.1.tgz",
      "integrity": "sha512-J3qaVzGYgtJzGaDX42JGl2vpnpiP1+3S+hnfa6XMvBHQFi38v2+hsb7C/gM3LI2qz7Ks0t4xxRC5gs9LZb5QLQ==",
      "peer": true,
      "peerDependencies": {
        "@openfeature/core": "1.0.0"
      }
    },
    "node_modules/flagsmith": {
      "version": "4.0.0",
      "resolved": "https://registry.npmjs.org/flagsmith/-/flagsmith-4.0.0.tgz",
      "integrity": "sha512-xu20CptvoIoHSgI41M+leo+8y9EbBd+adl/oYPSGKXLksivWwBlSjBnw5hoKCwD+7Q2urEj4tUZaCHeR1PYC5A==",
      "peer": true
    },
    "node_modules/tslib": {
      "version": "2.6.2",
      "resolved": "https://registry.npmjs.org/tslib/-/tslib-2.6.2.tgz",
      "integrity": "sha512-AEYxH93jGFPn/a2iVAwW87VuUIkR1FVUKB77NwMF7nBTDkDrrT/Hpt/IrCJ0QXhW27jTBDcf5ZY7w6RiqTMw2Q=="
    }
  }
}
