{
  "name": "@openfeature/config-cat-web-provider",
  "version": "0.2.0",
  "lockfileVersion": 3,
  "requires": true,
  "packages": {
    "": {
      "name": "@openfeature/config-cat-web-provider",
      "version": "0.2.0",
      "license": "Apache-2.0",
      "dependencies": {
        "@openfeature/config-cat-core": "~0.2.2"
      },
      "peerDependencies": {
        "@configcat/sdk": "^1.0.1",
        "@openfeature/web-sdk": "^1.0.0"
      }
    },
    "node_modules/@configcat/sdk": {
      "version": "1.0.1",
      "resolved": "https://registry.npmjs.org/@configcat/sdk/-/sdk-1.0.1.tgz",
      "integrity": "sha512-XTUEx84ZUNKMZ/SkA2LcoweVbTOW6DzIzJXSuOEytEMSmvUOiTZJPdRdnv6HzK3BKgvAGEUEITsKGv695R1A/w==",
      "license": "MIT"
    },
    "node_modules/@openfeature/config-cat-core": {
      "version": "0.2.2",
      "resolved": "https://registry.npmjs.org/@openfeature/config-cat-core/-/config-cat-core-0.2.2.tgz",
      "integrity": "sha512-J7MrKEy6ByVok+t/hTdi9QXteljZztJ5JXRo730rOp3jji6uYSKj/2SOfBfdipYRqVP7L1lS+0qN81gBo1AwiQ==",
      "license": "Apache-2.0",
      "dependencies": {
        "@configcat/sdk": "^1.0.1"
      },
      "peerDependencies": {
        "@openfeature/core": "^1.6.0"
      }
    }
  }
}
