{
  "name": "@openfeature/config-cat-core",
  "version": "0.1.1",
  "lockfileVersion": 3,
  "requires": true,
  "packages": {
    "": {
      "name": "@openfeature/config-cat-core",
      "version": "0.1.1",
      "peerDependencies": {
        "@openfeature/core": "<=1.6.0"
      }
    },
    "node_modules/@openfeature/core": {
      "version": "1.6.0",
      "resolved": "https://registry.npmjs.org/@openfeature/core/-/core-1.6.0.tgz",
      "integrity": "sha512-QYAtwdreZU9Mi/LXLRzXsUA7PhbtT7+UJfRBMIAy6MidZjMgIbNfoh6+MncXb3UocThn0OsYa8WLfWD9q43eCQ==",
      "license": "Apache-2.0",
      "peer": true
    }
  }
}
