{
  "name": "@openfeature/config-cat-core",
  "version": "0.1.0",
  "lockfileVersion": 3,
  "requires": true,
  "packages": {
    "": {
      "name": "@openfeature/config-cat-core",
      "version": "0.1.0",
      "peerDependencies": {
        "@openfeature/core": "<=1.5.0"
      }
    },
    "node_modules/@openfeature/core": {
      "version": "1.5.0",
      "resolved": "https://registry.npmjs.org/@openfeature/core/-/core-1.5.0.tgz",
      "integrity": "sha512-dRBJjnYhEa6XoF9BNf9sW4sHuXmigfBbbatA5djbRXRBDExrXsMydMpEWQqKYhd7XwdwFatuh2q+UkVbXriUKA==",
      "license": "Apache-2.0",
      "peer": true
    }
  }
}
