{
  "name": "@openfeature/config-cat-core",
  "version": "0.1.0",
  "lockfileVersion": 3,
  "requires": true,
  "packages": {
    "": {
      "name": "@openfeature/config-cat-core",
      "version": "0.1.0",
      "peerDependencies": {
        "@openfeature/core": "<=1.4.0"
      }
    },
    "node_modules/@openfeature/core": {
      "version": "1.4.0",
      "resolved": "https://registry.npmjs.org/@openfeature/core/-/core-1.4.0.tgz",
      "integrity": "sha512-Cd5eeAouAYaj1RMgVq4gfasoAc4TSkN4fuhloZ3yCQA2t74IdVMAT0iadq1Seqy+G7PZoN2jy706ei9HT55PIg==",
      "license": "Apache-2.0",
      "peer": true
    }
  }
}
