{
  "name": "@openfeature/unleash-client-provider",
  "version": "0.0.1",
  "lockfileVersion": 3,
  "requires": true,
  "packages": {
    "": {
      "name": "@openfeature/unleash-client-provider",
      "version": "0.0.1",
      "dependencies": {
        "tslib": "^2.3.0"
      },
      "peerDependencies": {
        "@openfeature/web-sdk": ">=0.4.0",
        "unleash-proxy-client": "^3.3.1"
      }
    },
    "node_modules/@openfeature/core": {
      "version": "0.0.25",
      "resolved": "https://registry.npmjs.org/@openfeature/core/-/core-0.0.25.tgz",
      "integrity": "sha512-/NrqVXY39WTOZ3EUtqnFOXFlvcJNuXFm+gi3Zs7wz8SzNdFhvrFtsL7ylQtIgYK5WBOP1HxrtAwrpEicaO1emw==",
      "peer": true
    },
    "node_modules/@openfeature/web-sdk": {
      "version": "0.4.12",
      "resolved": "https://registry.npmjs.org/@openfeature/web-sdk/-/web-sdk-0.4.12.tgz",
      "integrity": "sha512-DcJ1VNS8L8DAvi9P5tJcI7cjeNCWDlOAcLkbDkuODEaW/15abJh82IH591cMgecmAgA6mE+8vEUWE4GEWakG+Q==",
      "peer": true,
      "peerDependencies": {
        "@openfeature/core": "0.0.25"
      }
    },
    "node_modules/tiny-emitter": {
      "version": "2.1.0",
      "resolved": "https://registry.npmjs.org/tiny-emitter/-/tiny-emitter-2.1.0.tgz",
      "integrity": "sha512-NB6Dk1A9xgQPMoGqC5CVXn123gWyte215ONT5Pp5a0yt4nlEoO1ZWeCwpncaekPHXO60i47ihFnZPiRPjRMq4Q==",
      "peer": true
    },
    "node_modules/tslib": {
      "version": "2.6.2",
      "resolved": "https://registry.npmjs.org/tslib/-/tslib-2.6.2.tgz",
      "integrity": "sha512-AEYxH93jGFPn/a2iVAwW87VuUIkR1FVUKB77NwMF7nBTDkDrrT/Hpt/IrCJ0QXhW27jTBDcf5ZY7w6RiqTMw2Q=="
    },
    "node_modules/unleash-proxy-client": {
      "version": "3.3.1",
      "resolved": "https://registry.npmjs.org/unleash-proxy-client/-/unleash-proxy-client-3.3.1.tgz",
      "integrity": "sha512-tekoTRWBK+B0uG9o/5CJ+LAKNZv+OdLPFVXFESQU2JHnyjtedLyTAmdWhPIxC/eCKiBBay1/2BEWOUCJaL1vzQ==",
      "peer": true,
      "dependencies": {
        "tiny-emitter": "^2.1.0",
        "uuid": "^9.0.1"
      }
    },
    "node_modules/uuid": {
      "version": "9.0.1",
      "resolved": "https://registry.npmjs.org/uuid/-/uuid-9.0.1.tgz",
      "integrity": "sha512-b+1eJOlsR9K8HJpow9Ok3fiWOWSIcIzXodvv0rQjVoOVNpWMpxf1wZNpt4y9h10odCNrqnYp1OBzRktckBe3sA==",
      "funding": [
        "https://github.com/sponsors/broofa",
        "https://github.com/sponsors/ctavan"
      ],
      "peer": true,
      "bin": {
        "uuid": "dist/bin/uuid"
      }
    }
  }
}
