{
  "name": "@openfeature/config-cat-provider",
  "version": "0.7.4",
  "lockfileVersion": 3,
  "requires": true,
  "packages": {
    "": {
      "name": "@openfeature/config-cat-provider",
      "version": "0.7.4",
      "peerDependencies": {
        "@openfeature/server-sdk": "^1.13.5",
        "configcat-node": "^11.3.1"
      }
    },
    "node_modules/@openfeature/core": {
      "version": "1.2.0",
      "resolved": "https://registry.npmjs.org/@openfeature/core/-/core-1.2.0.tgz",
      "integrity": "sha512-JyIiije5f+8Big1xz7UAmxqVmHBuFUI9Dh8DEFG2D1ocgjMm1tEzYXJDr3urCQGNnX9M/cYtNhEcGfyontIgJw==",
      "peer": true
    },
    "node_modules/@openfeature/server-sdk": {
      "version": "1.14.0",
      "resolved": "https://registry.npmjs.org/@openfeature/server-sdk/-/server-sdk-1.14.0.tgz",
      "integrity": "sha512-PGPI6OZdyAy2FZVUiH1suw/WuWZJsIlK2xd1KbRl5rlMLawYk2bKGBGgZYX9rcozsGKOZM6/vaFjCSB6QCjCfw==",
      "peer": true,
      "engines": {
        "node": ">=18"
      },
      "peerDependencies": {
        "@openfeature/core": "1.2.0"
      }
    },
    "node_modules/configcat-common": {
      "version": "9.3.1",
      "resolved": "https://registry.npmjs.org/configcat-common/-/configcat-common-9.3.1.tgz",
      "integrity": "sha512-yVkIbluksD/kZfVyKjLIOpwLrq3/ZRM7Lwrsz89JmbpQ6VtbnelrTQynSPElTtKjrPRZx56v3IZYk3nWTnnM6A==",
      "peer": true,
      "dependencies": {
        "tslib": "^2.4.1"
      }
    },
    "node_modules/configcat-node": {
      "version": "11.3.1",
      "resolved": "https://registry.npmjs.org/configcat-node/-/configcat-node-11.3.1.tgz",
      "integrity": "sha512-7XJbgBpcxlwzlRLmvCtHTkO247Ban2ZkBqlmk+T0wVEt5tXfltgd53SYLYpw7RBWX0ma/QyP5E+/k/UDdMrOCw==",
      "peer": true,
      "dependencies": {
        "configcat-common": "9.3.1",
        "tslib": "^2.4.1",
        "tunnel": "0.0.6"
      },
      "engines": {
        "node": ">=14"
      }
    },
    "node_modules/tslib": {
      "version": "2.7.0",
      "resolved": "https://registry.npmjs.org/tslib/-/tslib-2.7.0.tgz",
      "integrity": "sha512-gLXCKdN1/j47AiHiOkJN69hJmcbGTHI0ImLmbYLHykhgeN0jVGola9yVjFgzCUklsZQMW55o+dW7IXv3RCXDzA==",
      "peer": true
    },
    "node_modules/tunnel": {
      "version": "0.0.6",
      "resolved": "https://registry.npmjs.org/tunnel/-/tunnel-0.0.6.tgz",
      "integrity": "sha512-1h/Lnq9yajKY2PEbBadPXj3VxsDDu844OnaAo52UVmIzIvwwtBPIuNvkjuzBlTWpfJyUbG3ez0KSBibQkj4ojg==",
      "peer": true,
      "engines": {
        "node": ">=0.6.11 <=0.7.0 || >=0.7.3"
      }
    }
  }
}
