{
  "name": "@openfeature/flipt-provider",
  "version": "0.1.0",
  "lockfileVersion": 3,
  "requires": true,
  "packages": {
    "": {
      "name": "@openfeature/flipt-provider",
      "version": "0.1.0",
      "dependencies": {
        "tslib": "^2.3.0"
      },
      "peerDependencies": {
        "@flipt-io/flipt": "^1.0.0",
        "@openfeature/server-sdk": "^1.13.0"
      }
    },
    "node_modules/@flipt-io/flipt": {
      "version": "1.0.0",
      "resolved": "https://registry.npmjs.org/@flipt-io/flipt/-/flipt-1.0.0.tgz",
      "integrity": "sha512-DAEH5YVgjw2cLZBDTxgekEc8Zn2jlclLYlJdIC9cPE3wMSSudKgeWyh61GfQ3bV7YEz7LjPGhk1YBH+obeR4qw==",
      "peer": true
    },
    "node_modules/@openfeature/core": {
      "version": "1.1.0",
      "resolved": "https://registry.npmjs.org/@openfeature/core/-/core-1.1.0.tgz",
      "integrity": "sha512-aNuvOmqrFxAyzLnEa3YINsUu1pskXyEeMu4O9Kyde0+cS7q+Tgh4KKePwAROXkhhU1RQckW931P41xK5osXAWA==",
      "peer": true
    },
    "node_modules/@openfeature/server-sdk": {
      "version": "1.13.4",
      "resolved": "https://registry.npmjs.org/@openfeature/server-sdk/-/server-sdk-1.13.4.tgz",
      "integrity": "sha512-dQ+A2DropEqTx+xfLcrCo+VdfZnC1cELQGf3Fn2Lmq3mrhnl4uP9uB0sV6hik7Z/S+v4ZLbytRB/W2coFNztOw==",
      "peer": true,
      "engines": {
        "node": ">=16"
      },
      "peerDependencies": {
        "@openfeature/core": "1.1.0"
      }
    },
    "node_modules/tslib": {
      "version": "2.6.2",
      "resolved": "https://registry.npmjs.org/tslib/-/tslib-2.6.2.tgz",
      "integrity": "sha512-AEYxH93jGFPn/a2iVAwW87VuUIkR1FVUKB77NwMF7nBTDkDrrT/Hpt/IrCJ0QXhW27jTBDcf5ZY7w6RiqTMw2Q=="
    }
  }
}
