{
  "name": "@openfeature/flipt-provider",
  "version": "0.1.3",
  "lockfileVersion": 3,
  "requires": true,
  "packages": {
    "": {
      "name": "@openfeature/flipt-provider",
      "version": "0.1.3",
      "dependencies": {
        "tslib": "^2.3.0"
      },
      "peerDependencies": {
        "@flipt-io/flipt": "^1.2.0",
        "@openfeature/server-sdk": "^1.13.0"
      }
    },
    "node_modules/@flipt-io/flipt": {
      "version": "1.2.0",
      "resolved": "https://registry.npmjs.org/@flipt-io/flipt/-/flipt-1.2.0.tgz",
      "integrity": "sha512-LapnGsMxaf01aJmjeUmfYBwGiFx7+qImv10WfQJjBNGIv9fwmzmA3IzFyod5EtIJ1ck0gEW2C9EK03BQz4/C6Q==",
      "peer": true
    },
    "node_modules/@openfeature/core": {
      "version": "1.4.0",
      "resolved": "https://registry.npmjs.org/@openfeature/core/-/core-1.4.0.tgz",
      "integrity": "sha512-Cd5eeAouAYaj1RMgVq4gfasoAc4TSkN4fuhloZ3yCQA2t74IdVMAT0iadq1Seqy+G7PZoN2jy706ei9HT55PIg==",
      "peer": true
    },
    "node_modules/@openfeature/server-sdk": {
      "version": "1.15.1",
      "resolved": "https://registry.npmjs.org/@openfeature/server-sdk/-/server-sdk-1.15.1.tgz",
      "integrity": "sha512-PaJETh/fr4N8BVQlgb5vBH8VdN25VhxaVvL0s4Wv3kAUC+MXi7B9hEVM1GUlI9CrjxRExlbAAYtLY7kzjE7SXg==",
      "peer": true,
      "engines": {
        "node": ">=18"
      },
      "peerDependencies": {
        "@openfeature/core": "1.4.0"
      }
    },
    "node_modules/tslib": {
      "version": "2.6.2",
      "resolved": "https://registry.npmjs.org/tslib/-/tslib-2.6.2.tgz",
      "integrity": "sha512-AEYxH93jGFPn/a2iVAwW87VuUIkR1FVUKB77NwMF7nBTDkDrrT/Hpt/IrCJ0QXhW27jTBDcf5ZY7w6RiqTMw2Q=="
    }
  }
}
