{
  "name": "@openfeature/flipt-web-provider",
  "version": "0.1.2",
  "lockfileVersion": 3,
  "requires": true,
  "packages": {
    "": {
      "name": "@openfeature/flipt-web-provider",
      "version": "0.1.2",
      "dependencies": {
        "@flipt-io/flipt-client-browser": "^0.3.1",
        "tslib": "^2.3.0"
      },
      "devDependencies": {
        "undici": "^6.13.0"
      },
      "peerDependencies": {
        "@openfeature/web-sdk": "^1.0.0"
      }
    },
    "node_modules/@flipt-io/flipt-client-browser": {
      "version": "0.3.1",
      "resolved": "https://registry.npmjs.org/@flipt-io/flipt-client-browser/-/flipt-client-browser-0.3.1.tgz",
      "integrity": "sha512-1MFuQuHRENnzVooxrfQjFBLNBfE5uGBJmF2NuPFXTYMZn+sGelFovuNVuKlHqegI3Dqzz9Al2qJlkeFo+MhHxg=="
    },
    "node_modules/@openfeature/core": {
      "version": "1.4.0",
      "resolved": "https://registry.npmjs.org/@openfeature/core/-/core-1.4.0.tgz",
      "integrity": "sha512-Cd5eeAouAYaj1RMgVq4gfasoAc4TSkN4fuhloZ3yCQA2t74IdVMAT0iadq1Seqy+G7PZoN2jy706ei9HT55PIg==",
      "peer": true
    },
    "node_modules/@openfeature/web-sdk": {
      "version": "1.2.4",
      "resolved": "https://registry.npmjs.org/@openfeature/web-sdk/-/web-sdk-1.2.4.tgz",
      "integrity": "sha512-v3RYqMIq+/UXH7eVqfTfp7iWPJ4/Ck5a3RwxAEhypocq5IxUDyEUxXvVU82bkVkbNEKvXYLUWlxT+IuHvh8Eng==",
      "peer": true,
      "peerDependencies": {
        "@openfeature/core": "1.4.0"
      }
    },
    "node_modules/tslib": {
      "version": "2.8.0",
      "resolved": "https://registry.npmjs.org/tslib/-/tslib-2.8.0.tgz",
      "integrity": "sha512-jWVzBLplnCmoaTr13V9dYbiQ99wvZRd0vNWaDRg+aVYRcjDF3nDksxFDE/+fkXnKhpnUUkmx5pK/v8mCtLVqZA=="
    },
    "node_modules/undici": {
      "version": "6.20.1",
      "resolved": "https://registry.npmjs.org/undici/-/undici-6.20.1.tgz",
      "integrity": "sha512-AjQF1QsmqfJys+LXfGTNum+qw4S88CojRInG/6t31W/1fk6G59s92bnAvGz5Cmur+kQv2SURXEvvudLmbrE8QA==",
      "dev": true,
      "engines": {
        "node": ">=18.17"
      }
    }
  }
}
