{
  "name": "@openfeature/flipt-web-provider",
  "version": "0.0.1",
  "lockfileVersion": 3,
  "requires": true,
  "packages": {
    "": {
      "name": "@openfeature/flipt-web-provider",
      "version": "0.0.1",
      "dependencies": {
        "@flipt-io/flipt-client-browser": "^0.0.17",
        "tslib": "^2.3.0"
      },
      "devDependencies": {
        "undici": "^6.13.0"
      },
      "peerDependencies": {
        "@openfeature/web-sdk": "^1.0.0"
      }
    },
    "node_modules/@flipt-io/flipt-client-browser": {
      "version": "0.0.17",
      "resolved": "https://registry.npmjs.org/@flipt-io/flipt-client-browser/-/flipt-client-browser-0.0.17.tgz",
      "integrity": "sha512-AJxB1xXrK0r1HP3fKTYwcx1Zqwfj890XgsaO0pC4UGp434QyKZTeI386h9EvOHYrVYaZfpAuODjD0YnCM/dT3Q=="
    },
    "node_modules/@openfeature/core": {
      "version": "1.1.0",
      "resolved": "https://registry.npmjs.org/@openfeature/core/-/core-1.1.0.tgz",
      "integrity": "sha512-aNuvOmqrFxAyzLnEa3YINsUu1pskXyEeMu4O9Kyde0+cS7q+Tgh4KKePwAROXkhhU1RQckW931P41xK5osXAWA==",
      "peer": true
    },
    "node_modules/@openfeature/web-sdk": {
      "version": "1.0.2",
      "resolved": "https://registry.npmjs.org/@openfeature/web-sdk/-/web-sdk-1.0.2.tgz",
      "integrity": "sha512-2G3GfJHFGr5kAzs2KEec5wxUFhlNXDKyUTg3IiXTH1nv3d/tyDnyCYKUgSOfEM7ZBSwuEC1/CTBYDCGKVO4uIw==",
      "peer": true,
      "peerDependencies": {
        "@openfeature/core": "1.1.0"
      }
    },
    "node_modules/tslib": {
      "version": "2.6.2",
      "resolved": "https://registry.npmjs.org/tslib/-/tslib-2.6.2.tgz",
      "integrity": "sha512-AEYxH93jGFPn/a2iVAwW87VuUIkR1FVUKB77NwMF7nBTDkDrrT/Hpt/IrCJ0QXhW27jTBDcf5ZY7w6RiqTMw2Q=="
    },
    "node_modules/undici": {
      "version": "6.13.0",
      "resolved": "https://registry.npmjs.org/undici/-/undici-6.13.0.tgz",
      "integrity": "sha512-Q2rtqmZWrbP8nePMq7mOJIN98M0fYvSgV89vwl/BQRT4mDOeY2GXZngfGpcBBhtky3woM7G24wZV3Q304Bv6cw==",
      "dev": true,
      "engines": {
        "node": ">=18.0"
      }
    }
  }
}
