{
  "name": "@openfeature/go-feature-flag-web-provider",
  "version": "0.2.5",
  "lockfileVersion": 3,
  "requires": true,
  "packages": {
    "": {
      "name": "@openfeature/go-feature-flag-web-provider",
      "version": "0.2.5",
      "license": "Apache-2.0",
      "dependencies": {
        "copy-anything": "^4.0.0"
      },
      "peerDependencies": {
        "@openfeature/web-sdk": "^1.0.0"
      }
    },
    "node_modules/@openfeature/core": {
      "version": "1.7.2",
      "resolved": "https://registry.npmjs.org/@openfeature/core/-/core-1.7.2.tgz",
      "integrity": "sha512-pbpREdO/8D6ocFYWIzAJ24iJ1td04Anl+TehUzx9r1xR8vKJab+O4TlC/XP7s9JuD5hRPBfmo5gDha/KWVSG4A==",
      "license": "Apache-2.0",
      "peer": true
    },
    "node_modules/@openfeature/web-sdk": {
      "version": "1.4.1",
      "resolved": "https://registry.npmjs.org/@openfeature/web-sdk/-/web-sdk-1.4.1.tgz",
      "integrity": "sha512-MgM55G/Ps8dNDsT75Yh6TYbp8XUVk0TdqSGSuo+6D9s4GyDzYHZHkcepp+j76Vvl4WwZPobdhADocUmUGskL1w==",
      "license": "Apache-2.0",
      "peer": true,
      "peerDependencies": {
        "@openfeature/core": "^1.7.0"
      }
    },
    "node_modules/copy-anything": {
      "version": "4.0.5",
      "resolved": "https://registry.npmjs.org/copy-anything/-/copy-anything-4.0.5.tgz",
      "integrity": "sha512-7Vv6asjS4gMOuILabD3l739tsaxFQmC+a7pLZm02zyvs8p977bL3zEgq3yDk5rn9B0PbYgIv++jmHcuUab4RhA==",
      "license": "MIT",
      "dependencies": {
        "is-what": "^5.2.0"
      },
      "engines": {
        "node": ">=18"
      },
      "funding": {
        "url": "https://github.com/sponsors/mesqueeb"
      }
    },
    "node_modules/is-what": {
      "version": "5.2.1",
      "resolved": "https://registry.npmjs.org/is-what/-/is-what-5.2.1.tgz",
      "integrity": "sha512-FLNNgur29o+0/G6RcG3B6KRDCT6SvMfb7MlfjdydTZWPgBLfiemceChDhY0DHu50O35BDNbNp4rJLQXMt4fG0g==",
      "license": "MIT",
      "engines": {
        "node": ">=18"
      },
      "funding": {
        "url": "https://github.com/sponsors/mesqueeb"
      }
    }
  }
}
