{
  "name": "@openfeature/go-feature-flag-web-provider",
  "version": "0.2.5",
  "lockfileVersion": 3,
  "requires": true,
  "packages": {
    "": {
      "name": "@openfeature/go-feature-flag-web-provider",
      "version": "0.2.5",
      "license": "Apache-2.0",
      "dependencies": {
        "copy-anything": "^4.0.0"
      },
      "peerDependencies": {
        "@openfeature/web-sdk": "^1.0.0"
      }
    },
    "node_modules/@openfeature/core": {
      "version": "1.7.0",
      "resolved": "https://registry.npmjs.org/@openfeature/core/-/core-1.7.0.tgz",
      "integrity": "sha512-Qg0+KpkNRyiFzBXORaZa/4F+Ds577LNgakCtauy7Asn7U8lyK3PP1nZ8yZWMKsInCXa1IEn3JZ+xkkoUd0Weng==",
      "license": "Apache-2.0",
      "peer": true
    },
    "node_modules/@openfeature/web-sdk": {
      "version": "1.4.1",
      "resolved": "https://registry.npmjs.org/@openfeature/web-sdk/-/web-sdk-1.4.1.tgz",
      "integrity": "sha512-MgM55G/Ps8dNDsT75Yh6TYbp8XUVk0TdqSGSuo+6D9s4GyDzYHZHkcepp+j76Vvl4WwZPobdhADocUmUGskL1w==",
      "license": "Apache-2.0",
      "peer": true,
      "peerDependencies": {
        "@openfeature/core": "^1.7.0"
      }
    },
    "node_modules/copy-anything": {
      "version": "4.0.2",
      "resolved": "https://registry.npmjs.org/copy-anything/-/copy-anything-4.0.2.tgz",
      "integrity": "sha512-c87DOYWkRP4gZybb8d4vedb8i8Yu13ukeZdbJArCqW8MiRig0b4Brq2fp5VPeva8l1AmOiXrRYFiQJO3mfolDg==",
      "license": "MIT",
      "dependencies": {
        "is-what": "^5.0.1"
      },
      "engines": {
        "node": ">=18"
      },
      "funding": {
        "url": "https://github.com/sponsors/mesqueeb"
      }
    },
    "node_modules/is-what": {
      "version": "5.0.2",
      "resolved": "https://registry.npmjs.org/is-what/-/is-what-5.0.2.tgz",
      "integrity": "sha512-vI7Ui0qzNQ2ClDZd0bC7uqRk3T1imbX5cZODmVlqqdqiwmSIUX3CNSiRgFjFMJ987sVCMSa7xZeEDtpJduPg4A==",
      "license": "MIT",
      "engines": {
        "node": ">=18"
      },
      "funding": {
        "url": "https://github.com/sponsors/mesqueeb"
      }
    }
  }
}
