{
  "name": "@openfeature/go-feature-flag-web-provider",
  "version": "0.2.1",
  "lockfileVersion": 3,
  "requires": true,
  "packages": {
    "": {
      "name": "@openfeature/go-feature-flag-web-provider",
      "version": "0.2.1",
      "peerDependencies": {
        "@openfeature/web-sdk": "*"
      }
    },
    "node_modules/@openfeature/web-sdk": {
      "version": "0.3.7-experimental",
      "resolved": "https://registry.npmjs.org/@openfeature/web-sdk/-/web-sdk-0.3.7-experimental.tgz",
      "integrity": "sha512-FK9PTy+Wsw5OmCJlCD6wZsUZlnHTCycMHOU+2RNQVarct+c2l7pkz3XwKJUBjY3BHyOcW3qJEf4ojpO1fU3eJA==",
      "peer": true
    }
  }
}
