{
  "name": "@openfeature/unleash-web-provider",
  "version": "0.1.2",
  "lockfileVersion": 2,
  "requires": true,
  "packages": {
    "": {
      "name": "@openfeature/unleash-web-provider",
      "version": "0.1.2",
      "dependencies": {
        "tslib": "^2.3.0",
        "unleash-proxy-client": "^3.6.1"
      },
      "peerDependencies": {
        "@openfeature/web-sdk": "^1.0.0"
      }
    },
    "node_modules/@openfeature/core": {
      "version": "1.4.0",
      "resolved": "https://registry.npmjs.org/@openfeature/core/-/core-1.4.0.tgz",
      "integrity": "sha512-Cd5eeAouAYaj1RMgVq4gfasoAc4TSkN4fuhloZ3yCQA2t74IdVMAT0iadq1Seqy+G7PZoN2jy706ei9HT55PIg==",
      "peer": true
    },
    "node_modules/@openfeature/web-sdk": {
      "version": "1.2.4",
      "resolved": "https://registry.npmjs.org/@openfeature/web-sdk/-/web-sdk-1.2.4.tgz",
      "integrity": "sha512-v3RYqMIq+/UXH7eVqfTfp7iWPJ4/Ck5a3RwxAEhypocq5IxUDyEUxXvVU82bkVkbNEKvXYLUWlxT+IuHvh8Eng==",
      "peer": true,
      "peerDependencies": {
        "@openfeature/core": "1.4.0"
      }
    },
    "node_modules/tiny-emitter": {
      "version": "2.1.0",
      "resolved": "https://registry.npmjs.org/tiny-emitter/-/tiny-emitter-2.1.0.tgz",
      "integrity": "sha512-NB6Dk1A9xgQPMoGqC5CVXn123gWyte215ONT5Pp5a0yt4nlEoO1ZWeCwpncaekPHXO60i47ihFnZPiRPjRMq4Q=="
    },
    "node_modules/tslib": {
      "version": "2.7.0",
      "resolved": "https://registry.npmjs.org/tslib/-/tslib-2.7.0.tgz",
      "integrity": "sha512-gLXCKdN1/j47AiHiOkJN69hJmcbGTHI0ImLmbYLHykhgeN0jVGola9yVjFgzCUklsZQMW55o+dW7IXv3RCXDzA=="
    },
    "node_modules/unleash-proxy-client": {
      "version": "3.6.1",
      "resolved": "https://registry.npmjs.org/unleash-proxy-client/-/unleash-proxy-client-3.6.1.tgz",
      "integrity": "sha512-gbvkob/cBewLHMh9aAwWLDLN8D1efJ5FdUMva7wGBVykJMIqyYIlUsJpVNXnpq+feNBn6Qc1D1huXD2bk9bEmA==",
      "dependencies": {
        "tiny-emitter": "^2.1.0",
        "uuid": "^9.0.1"
      }
    },
    "node_modules/uuid": {
      "version": "9.0.1",
      "resolved": "https://registry.npmjs.org/uuid/-/uuid-9.0.1.tgz",
      "integrity": "sha512-b+1eJOlsR9K8HJpow9Ok3fiWOWSIcIzXodvv0rQjVoOVNpWMpxf1wZNpt4y9h10odCNrqnYp1OBzRktckBe3sA==",
      "funding": [
        "https://github.com/sponsors/broofa",
        "https://github.com/sponsors/ctavan"
      ],
      "bin": {
        "uuid": "dist/bin/uuid"
      }
    }
  },
  "dependencies": {
    "@openfeature/core": {
      "version": "1.4.0",
      "resolved": "https://registry.npmjs.org/@openfeature/core/-/core-1.4.0.tgz",
      "integrity": "sha512-Cd5eeAouAYaj1RMgVq4gfasoAc4TSkN4fuhloZ3yCQA2t74IdVMAT0iadq1Seqy+G7PZoN2jy706ei9HT55PIg==",
      "peer": true
    },
    "@openfeature/web-sdk": {
      "version": "1.2.4",
      "resolved": "https://registry.npmjs.org/@openfeature/web-sdk/-/web-sdk-1.2.4.tgz",
      "integrity": "sha512-v3RYqMIq+/UXH7eVqfTfp7iWPJ4/Ck5a3RwxAEhypocq5IxUDyEUxXvVU82bkVkbNEKvXYLUWlxT+IuHvh8Eng==",
      "peer": true,
      "requires": {}
    },
    "tiny-emitter": {
      "version": "2.1.0",
      "resolved": "https://registry.npmjs.org/tiny-emitter/-/tiny-emitter-2.1.0.tgz",
      "integrity": "sha512-NB6Dk1A9xgQPMoGqC5CVXn123gWyte215ONT5Pp5a0yt4nlEoO1ZWeCwpncaekPHXO60i47ihFnZPiRPjRMq4Q=="
    },
    "tslib": {
      "version": "2.7.0",
      "resolved": "https://registry.npmjs.org/tslib/-/tslib-2.7.0.tgz",
      "integrity": "sha512-gLXCKdN1/j47AiHiOkJN69hJmcbGTHI0ImLmbYLHykhgeN0jVGola9yVjFgzCUklsZQMW55o+dW7IXv3RCXDzA=="
    },
    "unleash-proxy-client": {
      "version": "3.6.1",
      "resolved": "https://registry.npmjs.org/unleash-proxy-client/-/unleash-proxy-client-3.6.1.tgz",
      "integrity": "sha512-gbvkob/cBewLHMh9aAwWLDLN8D1efJ5FdUMva7wGBVykJMIqyYIlUsJpVNXnpq+feNBn6Qc1D1huXD2bk9bEmA==",
      "requires": {
        "tiny-emitter": "^2.1.0",
        "uuid": "^9.0.1"
      }
    },
    "uuid": {
      "version": "9.0.1",
      "resolved": "https://registry.npmjs.org/uuid/-/uuid-9.0.1.tgz",
      "integrity": "sha512-b+1eJOlsR9K8HJpow9Ok3fiWOWSIcIzXodvv0rQjVoOVNpWMpxf1wZNpt4y9h10odCNrqnYp1OBzRktckBe3sA=="
    }
  }
}
